{
  "requires": true,
  "lockfileVersion": 1,
  "dependencies": {
    "angular2-bootstrap-switch": {
      "version": "0.2.3",
      "resolved": "https://registry.npmjs.org/angular2-bootstrap-switch/-/angular2-bootstrap-switch-0.2.3.tgz",
      "integrity": "sha1-5lmBA74AX99GBb7s0dMWJZfc4cQ="
    }
  }
}
